
Microsoft Visual Studio Solution File, Format Version 12.00
# Visual Studio 15
VisualStudioVersion = 15.0.28307.421
MinimumVisualStudioVersion = 10.0.40219.1
Project("{F184B08F-C81C-45F6-A57F-5ABD9991F28F}") = "ConsoleAppSumOfNumbers", "ConsoleAppSumOfNumbers\ConsoleAppSumOfNumbers.vbproj", "{002878C6-CBCC-49B5-9490-B7B94FEFB776}"
EndProject
Global
	GlobalSection(SolutionConfigurationPlatforms) = preSolution
		Debug|Any CPU = Debug|Any CPU
		Release|Any CPU = Release|Any CPU
	EndGlobalSection
	GlobalSection(ProjectConfigurationPlatforms) = postSolution
		{002878C6-CBCC-49B5-9490-B7B94FEFB776}.Debug|Any CPU.ActiveCfg = Debug|Any CPU
		{002878C6-CBCC-49B5-9490-B7B94FEFB776}.Debug|Any CPU.Build.0 = Debug|Any CPU
		{002878C6-CBCC-49B5-9490-B7B94FEFB776}.Release|Any CPU.ActiveCfg = Release|Any CPU
		{002878C6-CBCC-49B5-9490-B7B94FEFB776}.Release|Any CPU.Build.0 = Release|Any CPU
	EndGlobalSection
	GlobalSection(SolutionProperties) = preSolution
		HideSolutionNode = FALSE
	EndGlobalSection
	GlobalSection(ExtensibilityGlobals) = postSolution
		SolutionGuid = {FB29EA0D-E8F9-41F7-B2CD-9A90D90F1D90}
	EndGlobalSection
EndGlobal
