
Microsoft Visual Studio Solution File, Format Version 12.00
# Visual Studio 15
VisualStudioVersion = 15.0.28010.2003
MinimumVisualStudioVersion = 10.0.40219.1
Project("{F184B08F-C81C-45F6-A57F-5ABD9991F28F}") = "Warrior Quest", "Warrior Quest\Warrior Quest.vbproj", "{6CAF5619-FFC5-4593-AE4C-FA23FC42873F}"
EndProject
Project("{2150E333-8FDC-42A3-9474-1A3956D46DE8}") = "Solution Items", "Solution Items", "{240FD476-7316-462B-B16D-A7C3C05DF81E}"
EndProject
Global
	GlobalSection(SolutionConfigurationPlatforms) = preSolution
		Debug|Any CPU = Debug|Any CPU
		Release|Any CPU = Release|Any CPU
	EndGlobalSection
	GlobalSection(ProjectConfigurationPlatforms) = postSolution
		{6CAF5619-FFC5-4593-AE4C-FA23FC42873F}.Debug|Any CPU.ActiveCfg = Debug|Any CPU
		{6CAF5619-FFC5-4593-AE4C-FA23FC42873F}.Debug|Any CPU.Build.0 = Debug|Any CPU
		{6CAF5619-FFC5-4593-AE4C-FA23FC42873F}.Release|Any CPU.ActiveCfg = Release|Any CPU
		{6CAF5619-FFC5-4593-AE4C-FA23FC42873F}.Release|Any CPU.Build.0 = Release|Any CPU
	EndGlobalSection
	GlobalSection(SolutionProperties) = preSolution
		HideSolutionNode = FALSE
	EndGlobalSection
	GlobalSection(ExtensibilityGlobals) = postSolution
		SolutionGuid = {EE5B3E62-1938-4E11-979B-847DC527A6A9}
	EndGlobalSection
EndGlobal
