
Microsoft Visual Studio Solution File, Format Version 12.00
# Visual Studio 15
VisualStudioVersion = 15.0.28010.2003
MinimumVisualStudioVersion = 10.0.40219.1
Project("{F184B08F-C81C-45F6-A57F-5ABD9991F28F}") = "Isogram", "ConsoleAppIsogram\Isogram.vbproj", "{3ABAA8F4-8784-46F9-9E36-751780F4BF1C}"
EndProject
Global
	GlobalSection(SolutionConfigurationPlatforms) = preSolution
		Debug|Any CPU = Debug|Any CPU
		Release|Any CPU = Release|Any CPU
	EndGlobalSection
	GlobalSection(ProjectConfigurationPlatforms) = postSolution
		{3ABAA8F4-8784-46F9-9E36-751780F4BF1C}.Debug|Any CPU.ActiveCfg = Debug|Any CPU
		{3ABAA8F4-8784-46F9-9E36-751780F4BF1C}.Debug|Any CPU.Build.0 = Debug|Any CPU
		{3ABAA8F4-8784-46F9-9E36-751780F4BF1C}.Release|Any CPU.ActiveCfg = Release|Any CPU
		{3ABAA8F4-8784-46F9-9E36-751780F4BF1C}.Release|Any CPU.Build.0 = Release|Any CPU
	EndGlobalSection
	GlobalSection(SolutionProperties) = preSolution
		HideSolutionNode = FALSE
	EndGlobalSection
	GlobalSection(ExtensibilityGlobals) = postSolution
		SolutionGuid = {00E8F2C7-8270-4AB8-B643-586A0B31FD1A}
	EndGlobalSection
EndGlobal
