
Microsoft Visual Studio Solution File, Format Version 12.00
# Visual Studio 15
VisualStudioVersion = 15.0.28010.2003
MinimumVisualStudioVersion = 10.0.40219.1
Project("{F184B08F-C81C-45F6-A57F-5ABD9991F28F}") = "Maze", "Maze\Maze.vbproj", "{FC2D0304-0816-48DA-ADDD-74BF5F255436}"
EndProject
Global
	GlobalSection(SolutionConfigurationPlatforms) = preSolution
		Debug|Any CPU = Debug|Any CPU
		Release|Any CPU = Release|Any CPU
	EndGlobalSection
	GlobalSection(ProjectConfigurationPlatforms) = postSolution
		{FC2D0304-0816-48DA-ADDD-74BF5F255436}.Debug|Any CPU.ActiveCfg = Debug|Any CPU
		{FC2D0304-0816-48DA-ADDD-74BF5F255436}.Debug|Any CPU.Build.0 = Debug|Any CPU
		{FC2D0304-0816-48DA-ADDD-74BF5F255436}.Release|Any CPU.ActiveCfg = Release|Any CPU
		{FC2D0304-0816-48DA-ADDD-74BF5F255436}.Release|Any CPU.Build.0 = Release|Any CPU
	EndGlobalSection
	GlobalSection(SolutionProperties) = preSolution
		HideSolutionNode = FALSE
	EndGlobalSection
	GlobalSection(ExtensibilityGlobals) = postSolution
		SolutionGuid = {34739DF4-FAD3-4A70-9194-D37DE9E48340}
	EndGlobalSection
EndGlobal
