
Microsoft Visual Studio Solution File, Format Version 12.00
# Visual Studio 15
VisualStudioVersion = 15.0.28010.2003
MinimumVisualStudioVersion = 10.0.40219.1
Project("{F184B08F-C81C-45F6-A57F-5ABD9991F28F}") = "ConsoleAppStruct", "ConsoleAppStruct\ConsoleAppStruct.vbproj", "{12222B93-D846-4F18-9176-1989BA7D61EC}"
EndProject
Global
	GlobalSection(SolutionConfigurationPlatforms) = preSolution
		Debug|Any CPU = Debug|Any CPU
		Release|Any CPU = Release|Any CPU
	EndGlobalSection
	GlobalSection(ProjectConfigurationPlatforms) = postSolution
		{12222B93-D846-4F18-9176-1989BA7D61EC}.Debug|Any CPU.ActiveCfg = Debug|Any CPU
		{12222B93-D846-4F18-9176-1989BA7D61EC}.Debug|Any CPU.Build.0 = Debug|Any CPU
		{12222B93-D846-4F18-9176-1989BA7D61EC}.Release|Any CPU.ActiveCfg = Release|Any CPU
		{12222B93-D846-4F18-9176-1989BA7D61EC}.Release|Any CPU.Build.0 = Release|Any CPU
	EndGlobalSection
	GlobalSection(SolutionProperties) = preSolution
		HideSolutionNode = FALSE
	EndGlobalSection
	GlobalSection(ExtensibilityGlobals) = postSolution
		SolutionGuid = {B63E9478-8075-40AE-8954-680CC746396C}
	EndGlobalSection
EndGlobal
